github.com/golang-jwt/jwt/v5 v5.3.1 h1:kYf81DTWFe7t+1VvL7eS+jKFVWaUnK9cB1qbwn63YCY=
github.com/golang-jwt/jwt/v5 v5.3.1/go.mod h1:fxCRLWMO43lRc8nhHWY6LGqRcf+1gQWArsqaEUEa5bE=
github.com/hanzoai/authz v1.10.37 h1:C1U2FNoSPrKD4QB+qvZ38XmSmSgqdDCGn1qJ6w/lPNQ=
github.com/hanzoai/authz v1.10.37/go.mod h1:4DhM0ldRGSyme9avHDz2nv/XzNVB0Alq3kec9ANyFXY=
